// !$*UTF8*$!
{
	archiveVersion = 1;
	classes = {
	};
	objectVersion = 46;
	objects = {

/* Begin PBXBuildFile section */
		072A0F5B1F182796000DFBE2 /* AppDelegate.swift in Sources */ = {isa = PBXBuildFile; fileRef = 072A0F5A1F182796000DFBE2 /* AppDelegate.swift */; };
		072A0F5D1F182796000DFBE2 /* LoginViewController.swift in Sources */ = {isa = PBXBuildFile; fileRef = 072A0F5C1F182796000DFBE2 /* LoginViewController.swift */; };
		072A0F601F182796000DFBE2 /* Main.storyboard in Resources */ = {isa = PBXBuildFile; fileRef = 072A0F5E1F182796000DFBE2 /* Main.storyboard */; };
		072A0F631F182796000DFBE2 /* _114_Test1_Code.xcdatamodeld in Sources */ = {isa = PBXBuildFile; fileRef = 072A0F611F182796000DFBE2 /* _114_Test1_Code.xcdatamodeld */; };
		072A0F651F182796000DFBE2 /* Assets.xcassets in Resources */ = {isa = PBXBuildFile; fileRef = 072A0F641F182796000DFBE2 /* Assets.xcassets */; };
		072A0F681F182796000DFBE2 /* LaunchScreen.storyboard in Resources */ = {isa = PBXBuildFile; fileRef = 072A0F661F182796000DFBE2 /* LaunchScreen.storyboard */; };
		072A0F701F182A73000DFBE2 /* ListRecordsTableViewController.swift in Sources */ = {isa = PBXBuildFile; fileRef = 072A0F6F1F182A73000DFBE2 /* ListRecordsTableViewController.swift */; };
/* End PBXBuildFile section */

/* Begin PBXFileReference section */
		072A0F571F182795000DFBE2 /* 4114_Test1_Code.app */ = {isa = PBXFileReference; explicitFileType = wrapper.application; includeInIndex = 0; path = 4114_Test1_Code.app; sourceTree = BUILT_PRODUCTS_DIR; };
		072A0F5A1F182796000DFBE2 /* AppDelegate.swift */ = {isa = PBXFileReference; lastKnownFileType = sourcecode.swift; path = AppDelegate.swift; sourceTree = "<group>"; };
		072A0F5C1F182796000DFBE2 /* LoginViewController.swift */ = {isa = PBXFileReference; lastKnownFileType = sourcecode.swift; path = LoginViewController.swift; sourceTree = "<group>"; };
		072A0F5F1F182796000DFBE2 /* Base */ = {isa = PBXFileReference; lastKnownFileType = file.storyboard; name = Base; path = Base.lproj/Main.storyboard; sourceTree = "<group>"; };
		072A0F621F182796000DFBE2 /* _114_Test1_Code.xcdatamodel */ = {isa = PBXFileReference; lastKnownFileType = wrapper.xcdatamodel; path = _114_Test1_Code.xcdatamodel; sourceTree = "<group>"; };
		072A0F641F182796000DFBE2 /* Assets.xcassets */ = {isa = PBXFileReference; lastKnownFileType = folder.assetcatalog; path = Assets.xcassets; sourceTree = "<group>"; };
		072A0F671F182796000DFBE2 /* Base */ = {isa = PBXFileReference; lastKnownFileType = file.storyboard; name = Base; path = Base.lproj/LaunchScreen.storyboard; sourceTree = "<group>"; };
		072A0F691F182796000DFBE2 /* Info.plist */ = {isa = PBXFileReference; lastKnownFileType = text.plist.xml; path = Info.plist; sourceTree = "<group>"; };
		072A0F6F1F182A73000DFBE2 /* ListRecordsTableViewController.swift */ = {isa = PBXFileReference; fileEncoding = 4; lastKnownFileType = sourcecode.swift; path = ListRecordsTableViewController.swift; sourceTree = "<group>"; };
/* End PBXFileReference section */

/* Begin PBXFrameworksBuildPhase section */
		072A0F541F182795000DFBE2 /* Frameworks */ = {
			isa = PBXFrameworksBuildPhase;
			buildActionMask = 2147483647;
			files = (
			);
			runOnlyForDeploymentPostprocessing = 0;
		};
/* End PBXFrameworksBuildPhase section */

/* Begin PBXGroup section */
		072A0F4E1F182795000DFBE2 = {
			isa = PBXGroup;
			children = (
				072A0F591F182795000DFBE2 /* 4114_Test1_Code */,
				072A0F581F182795000DFBE2 /* Products */,
			);
			sourceTree = "<group>";
		};
		072A0F581F182795000DFBE2 /* Products */ = {
			isa = PBXGroup;
			children = (
				072A0F571F182795000DFBE2 /* 4114_Test1_Code.app */,
			);
			name = Products;
			sourceTree = "<group>";
		};
		072A0F591F182795000DFBE2 /* 4114_Test1_Code */ = {
			isa = PBXGroup;
			children = (
				072A0F5A1F182796000DFBE2 /* AppDelegate.swift */,
				072A0F5C1F182796000DFBE2 /* LoginViewController.swift */,
				072A0F5E1F182796000DFBE2 /* Main.storyboard */,
				072A0F641F182796000DFBE2 /* Assets.xcassets */,
				072A0F661F182796000DFBE2 /* LaunchScreen.storyboard */,
				072A0F691F182796000DFBE2 /* Info.plist */,
				072A0F611F182796000DFBE2 /* _114_Test1_Code.xcdatamodeld */,
				072A0F6F1F182A73000DFBE2 /* ListRecordsTableViewController.swift */,
			);
			path = 4114_Test1_Code;
			sourceTree = "<group>";
		};
/* End PBXGroup section */

/* Begin PBXNativeTarget section */
		072A0F561F182795000DFBE2 /* 4114_Test1_Code */ = {
			isa = PBXNativeTarget;
			buildConfigurationList = 072A0F6C1F182796000DFBE2 /* Build configuration list for PBXNativeTarget "4114_Test1_Code" */;
			buildPhases = (
				072A0F531F182795000DFBE2 /* Sources */,
				072A0F541F182795000DFBE2 /* Frameworks */,
				072A0F551F182795000DFBE2 /* Resources */,
			);
			buildRules = (
			);
			dependencies = (
			);
			name = 4114_Test1_Code;
			productName = 4114_Test1_Code;
			productReference = 072A0F571F182795000DFBE2 /* 4114_Test1_Code.app */;
			productType = "com.apple.product-type.application";
		};
/* End PBXNativeTarget section */

/* Begin PBXProject section */
		072A0F4F1F182795000DFBE2 /* Project object */ = {
			isa = PBXProject;
			attributes = {
				LastSwiftUpdateCheck = 0830;
				LastUpgradeCheck = 0830;
				ORGANIZATIONNAME = moxDroid;
				TargetAttributes = {
					072A0F561F182795000DFBE2 = {
						CreatedOnToolsVersion = 8.3.3;
						DevelopmentTeam = VDKTSK647P;
						ProvisioningStyle = Automatic;
					};
				};
			};
			buildConfigurationList = 072A0F521F182795000DFBE2 /* Build configuration list for PBXProject "4114_Test1_Code" */;
			compatibilityVersion = "Xcode 3.2";
			developmentRegion = English;
			hasScannedForEncodings = 0;
			knownRegions = (
				en,
				Base,
			);
			mainGroup = 072A0F4E1F182795000DFBE2;
			productRefGroup = 072A0F581F182795000DFBE2 /* Products */;
			projectDirPath = "";
			projectRoot = "";
			targets = (
				072A0F561F182795000DFBE2 /* 4114_Test1_Code */,
			);
		};
/* End PBXProject section */

/* Begin PBXResourcesBuildPhase section */
		072A0F551F182795000DFBE2 /* Resources */ = {
			isa = PBXResourcesBuildPhase;
			buildActionMask = 2147483647;
			files = (
				072A0F681F182796000DFBE2 /* LaunchScreen.storyboard in Resources */,
				072A0F651F182796000DFBE2 /* Assets.xcassets in Resources */,
				072A0F601F182796000DFBE2 /* Main.storyboard in Resources */,
			);
			runOnlyForDeploymentPostprocessing = 0;
		};
/* End PBXResourcesBuildPhase section */

/* Begin PBXSourcesBuildPhase section */
		072A0F531F182795000DFBE2 /* Sources */ = {
			isa = PBXSourcesBuildPhase;
			buildActionMask = 2147483647;
			files = (
				072A0F701F182A73000DFBE2 /* ListRecordsTableViewController.swift in Sources */,
				072A0F631F182796000DFBE2 /* _114_Test1_Code.xcdatamodeld in Sources */,
				072A0F5D1F182796000DFBE2 /* LoginViewController.swift in Sources */,
				072A0F5B1F182796000DFBE2 /* AppDelegate.swift in Sources */,
			);
			runOnlyForDeploymentPostprocessing = 0;
		};
/* End PBXSourcesBuildPhase section */

/* Begin PBXVariantGroup section */
		072A0F5E1F182796000DFBE2 /* Main.storyboard */ = {
			isa = PBXVariantGroup;
			children = (
				072A0F5F1F182796000DFBE2 /* Base */,
			);
			name = Main.storyboard;
			sourceTree = "<group>";
		};
		072A0F661F182796000DFBE2 /* LaunchScreen.storyboard */ = {
			isa = PBXVariantGroup;
			children = (
				072A0F671F182796000DFBE2 /* Base */,
			);
			name = LaunchScreen.storyboard;
			sourceTree = "<group>";
		};
/* End PBXVariantGroup section */

/* Begin XCBuildConfiguration section */
		072A0F6A1F182796000DFBE2 /* Debug */ = {
			isa = XCBuildConfiguration;
			buildSettings = {
				ALWAYS_SEARCH_USER_PATHS = NO;
				CLANG_ANALYZER_NONNULL = YES;
				CLANG_ANALYZER_NUMBER_OBJECT_CONVERSION = YES_AGGRESSIVE;
				CLANG_CXX_LANGUAGE_STANDARD = "gnu++0x";
				CLANG_CXX_LIBRARY = "libc++";
				CLANG_ENABLE_MODULES = YES;
				CLANG_ENABLE_OBJC_ARC = YES;
				CLANG_WARN_BOOL_CONVERSION = YES;
				CLANG_WARN_CONSTANT_CONVERSION = YES;
				CLANG_WARN_DIRECT_OBJC_ISA_USAGE = YES_ERROR;
				CLANG_WARN_DOCUMENTATION_COMMENTS = YES;
				CLANG_WARN_EMPTY_BODY = YES;
				CLANG_WARN_ENUM_CONVERSION = YES;
				CLANG_WARN_INFINITE_RECURSION = YES;
				CLANG_WARN_INT_CONVERSION = YES;
				CLANG_WARN_OBJC_ROOT_CLASS = YES_ERROR;
				CLANG_WARN_SUSPICIOUS_MOVE = YES;
				CLANG_WARN_UNREACHABLE_CODE = YES;
				CLANG_WARN__DUPLICATE_METHOD_MATCH = YES;
				"CODE_SIGN_IDENTITY[sdk=iphoneos*]" = "iPhone Developer";
				COPY_PHASE_STRIP = NO;
				DEBUG_INFORMATION_FORMAT = dwarf;
				ENABLE_STRICT_OBJC_MSGSEND = YES;
				ENABLE_TESTABILITY = YES;
				GCC_C_LANGUAGE_STANDARD = gnu99;
				GCC_DYNAMIC_NO_PIC = NO;
				GCC_NO_COMMON_BLOCKS = YES;
				GCC_OPTIMIZATION_LEVEL = 0;
				GCC_PREPROCESSOR_DEFINITIONS = (
					"DEBUG=1",
					"$(inherited)",
				);
				GCC_WARN_64_TO_32_BIT_CONVERSION = YES;
				GCC_WARN_ABOUT_RETURN_TYPE = YES_ERROR;
				GCC_WARN_UNDECLARED_SELECTOR = YES;
				GCC_WARN_UNINITIALIZED_AUTOS = YES_AGGRESSIVE;
				GCC_WARN_UNUSED_FUNCTION = YES;
				GCC_WARN_UNUSED_VARIABLE = YES;
				IPHONEOS_DEPLOYMENT_TARGET = 10.3;
				MTL_ENABLE_DEBUG_INFO = YES;
				ONLY_ACTIVE_ARCH = YES;
				SDKROOT = iphoneos;
				SWIFT_ACTIVE_COMPILATION_CONDITIONS = DEBUG;
				SWIFT_OPTIMIZATION_LEVEL = "-Onone";
			};
			name = Debug;
		};
		072A0F6B1F182796000DFBE2 /* Release */ = {
			isa = XCBuildConfiguration;
			buildSettings = {
				ALWAYS_SEARCH_USER_PATHS = NO;
				CLANG_ANALYZER_NONNULL = YES;
				CLANG_ANALYZER_NUMBER_OBJECT_CONVERSION = YES_AGGRESSIVE;
				CLANG_CXX_LANGUAGE_STANDARD = "gnu++0x";
				CLANG_CXX_LIBRARY = "libc++";
				CLANG_ENABLE_MODULES = YES;
				CLANG_ENABLE_OBJC_ARC = YES;
				CLANG_WARN_BOOL_CONVERSION = YES;
				CLANG_WARN_CONSTANT_CONVERSION = YES;
				CLANG_WARN_DIRECT_OBJC_ISA_USAGE = YES_ERROR;
				CLANG_WARN_DOCUMENTATION_COMMENTS = YES;
				CLANG_WARN_EMPTY_BODY = YES;
				CLANG_WARN_ENUM_CONVERSION = YES;
				CLANG_WARN_INFINITE_RECURSION = YES;
				CLANG_WARN_INT_CONVERSION = YES;
				CLANG_WARN_OBJC_ROOT_CLASS = YES_ERROR;
				CLANG_WARN_SUSPICIOUS_MOVE = YES;
				CLANG_WARN_UNREACHABLE_CODE = YES;
				CLANG_WARN__DUPLICATE_METHOD_MATCH = YES;
				"CODE_SIGN_IDENTITY[sdk=iphoneos*]" = "iPhone Developer";
				COPY_PHASE_STRIP = NO;
				DEBUG_INFORMATION_FORMAT = "dwarf-with-dsym";
				ENABLE_NS_ASSERTIONS = NO;
				ENABLE_STRICT_OBJC_MSGSEND = YES;
				GCC_C_LANGUAGE_STANDARD = gnu99;
				GCC_NO_COMMON_BLOCKS = YES;
				GCC_WARN_64_TO_32_BIT_CONVERSION = YES;
				GCC_WARN_ABOUT_RETURN_TYPE = YES_ERROR;
				GCC_WARN_UNDECLARED_SELECTOR = YES;
				GCC_WARN_UNINITIALIZED_AUTOS = YES_AGGRESSIVE;
				GCC_WARN_UNUSED_FUNCTION = YES;
				GCC_WARN_UNUSED_VARIABLE = YES;
				IPHONEOS_DEPLOYMENT_TARGET = 10.3;
				MTL_ENABLE_DEBUG_INFO = NO;
				SDKROOT = iphoneos;
				SWIFT_OPTIMIZATION_LEVEL = "-Owholemodule";
				VALIDATE_PRODUCT = YES;
			};
			name = Release;
		};
		072A0F6D1F182796000DFBE2 /* Debug */ = {
			isa = XCBuildConfiguration;
			buildSettings = {
				ASSETCATALOG_COMPILER_APPICON_NAME = AppIcon;
				DEVELOPMENT_TEAM = VDKTSK647P;
				INFOPLIST_FILE = 4114_Test1_Code/Info.plist;
				LD_RUNPATH_SEARCH_PATHS = "$(inherited) @executable_path/Frameworks";
				PRODUCT_BUNDLE_IDENTIFIER = "com.moxdroid.-114-Test1-Code";
				PRODUCT_NAME = "$(TARGET_NAME)";
				SWIFT_VERSION = 3.0;
			};
			name = Debug;
		};
		072A0F6E1F182796000DFBE2 /* Release */ = {
			isa = XCBuildConfiguration;
			buildSettings = {
				ASSETCATALOG_COMPILER_APPICON_NAME = AppIcon;
				DEVELOPMENT_TEAM = VDKTSK647P;
				INFOPLIST_FILE = 4114_Test1_Code/Info.plist;
				LD_RUNPATH_SEARCH_PATHS = "$(inherited) @executable_path/Frameworks";
				PRODUCT_BUNDLE_IDENTIFIER = "com.moxdroid.-114-Test1-Code";
				PRODUCT_NAME = "$(TARGET_NAME)";
				SWIFT_VERSION = 3.0;
			};
			name = Release;
		};
/* End XCBuildConfiguration section */

/* Begin XCConfigurationList section */
		072A0F521F182795000DFBE2 /* Build configuration list for PBXProject "4114_Test1_Code" */ = {
			isa = XCConfigurationList;
			buildConfigurations = (
				072A0F6A1F182796000DFBE2 /* Debug */,
				072A0F6B1F182796000DFBE2 /* Release */,
			);
			defaultConfigurationIsVisible = 0;
			defaultConfigurationName = Release;
		};
		072A0F6C1F182796000DFBE2 /* Build configuration list for PBXNativeTarget "4114_Test1_Code" */ = {
			isa = XCConfigurationList;
			buildConfigurations = (
				072A0F6D1F182796000DFBE2 /* Debug */,
				072A0F6E1F182796000DFBE2 /* Release */,
			);
			defaultConfigurationIsVisible = 0;
		};
/* End XCConfigurationList section */

/* Begin XCVersionGroup section */
		072A0F611F182796000DFBE2 /* _114_Test1_Code.xcdatamodeld */ = {
			isa = XCVersionGroup;
			children = (
				072A0F621F182796000DFBE2 /* _114_Test1_Code.xcdatamodel */,
			);
			currentVersion = 072A0F621F182796000DFBE2 /* _114_Test1_Code.xcdatamodel */;
			path = _114_Test1_Code.xcdatamodeld;
			sourceTree = "<group>";
			versionGroupType = wrapper.xcdatamodel;
		};
/* End XCVersionGroup section */
	};
	rootObject = 072A0F4F1F182795000DFBE2 /* Project object */;
}
